{
  "name": "hello-world",
  "version": "0.0.0",
  "lockfileVersion": 1,
  "requires": true,
  "dependencies": {
    "bson": {
      "version": "1.1.0",
      "resolved": "https://registry.npmjs.org/bson/-/bson-1.1.0.tgz",
      "integrity": "sha1-vuV9H7aodxNHGvTjK8rjbegUtbA="
    },
    "memory-pager": {
      "version": "1.5.0",
      "resolved": "https://registry.npmjs.org/memory-pager/-/memory-pager-1.5.0.tgz",
      "integrity": "sha1-2HUWVdItOEaCdByXLyw9bfo+ZrU=",
      "optional": true
    },
    "mongodb": {
      "version": "3.1.13",
      "resolved": "https://registry.npmjs.org/mongodb/-/mongodb-3.1.13.tgz",
      "integrity": "sha1-+M3Ls2rXoItXC9EnHIUldT91+fQ=",
      "requires": {
        "mongodb-core": "3.1.11",
        "safe-buffer": "^5.1.2"
      }
    },
    "mongodb-core": {
      "version": "3.1.11",
      "resolved": "https://registry.npmjs.org/mongodb-core/-/mongodb-core-3.1.11.tgz",
      "integrity": "sha1-slMDjbtNcynz0cLuVAC7DJIh/eU=",
      "requires": {
        "bson": "^1.1.0",
        "require_optional": "^1.0.1",
        "safe-buffer": "^5.1.2",
        "saslprep": "^1.0.0"
      }
    },
    "npm": {
      "version": "11.0.0",
      "resolved": "https://registry.npmjs.org/npm/-/npm-11.0.0.tgz",
      "integrity": "sha512-Ed/ylWXSKXx058WUqXYlgb3pafCqXL5vWzZEvwCKFsBl7OYQlNn/u4ESW+ON+OG6Q+uCRLPTDGHreX6aJEDj7A==",
      "requires": {
        "@isaacs/string-locale-compare": "^1.1.0",
        "@npmcli/arborist": "^9.0.0",
        "@npmcli/config": "^10.0.0",
        "@npmcli/fs": "^4.0.0",
        "@npmcli/map-workspaces": "^4.0.2",
        "@npmcli/package-json": "^6.1.0",
        "@npmcli/promise-spawn": "^8.0.2",
        "@npmcli/redact": "^3.0.0",
        "@npmcli/run-script": "^9.0.1",
        "@sigstore/tuf": "^3.0.0",
        "abbrev": "^3.0.0",
        "archy": "~1.0.0",
        "cacache": "^19.0.1",
        "chalk": "^5.3.0",
        "ci-info": "^4.1.0",
        "cli-columns": "^4.0.0",
        "fastest-levenshtein": "^1.0.16",
        "fs-minipass": "^3.0.3",
        "glob": "^10.4.5",
        "graceful-fs": "^4.2.11",
        "hosted-git-info": "^8.0.2",
        "ini": "^5.0.0",
        "init-package-json": "^8.0.0",
        "is-cidr": "^5.1.0",
        "json-parse-even-better-errors": "^4.0.0",
        "libnpmaccess": "^10.0.0",
        "libnpmdiff": "^8.0.0",
        "libnpmexec": "^10.0.0",
        "libnpmfund": "^7.0.0",
        "libnpmorg": "^8.0.0",
        "libnpmpack": "^9.0.0",
        "libnpmpublish": "^11.0.0",
        "libnpmsearch": "^9.0.0",
        "libnpmteam": "^8.0.0",
        "libnpmversion": "^8.0.0",
        "make-fetch-happen": "^14.0.3",
        "minimatch": "^9.0.5",
        "minipass": "^7.1.1",
        "minipass-pipeline": "^1.2.4",
        "ms": "^2.1.2",
        "node-gyp": "^11.0.0",
        "nopt": "^8.0.0",
        "normalize-package-data": "^7.0.0",
        "npm-audit-report": "^6.0.0",
        "npm-install-checks": "^7.1.1",
        "npm-package-arg": "^12.0.1",
        "npm-pick-manifest": "^10.0.0",
        "npm-profile": "^11.0.1",
        "npm-registry-fetch": "^18.0.2",
        "npm-user-validate": "^3.0.0",
        "p-map": "^7.0.3",
        "pacote": "^21.0.0",
        "parse-conflict-json": "^4.0.0",
        "proc-log": "^5.0.0",
        "qrcode-terminal": "^0.12.0",
        "read": "^4.0.0",
        "semver": "^7.6.3",
        "spdx-expression-parse": "^4.0.0",
        "ssri": "^12.0.0",
        "supports-color": "^9.4.0",
        "tar": "^6.2.1",
        "text-table": "~0.2.0",
        "tiny-relative-date": "^1.3.0",
        "treeverse": "^3.0.0",
        "validate-npm-package-name": "^6.0.0",
        "which": "^5.0.0"
      },
      "dependencies": {
        "archy": {
          "version": "1.0.0",
          "integrity": "sha512-Xg+9RwCg/0p32teKdGMPTPnVXKD0w3DfHnFTficozsAgsvq2XenPJq/MYpzzQ/v8zrOyJn6Ds39VA4JIDwFfqw==",
          "bundled": true
        },
        "qrcode-terminal": {
          "version": "0.12.0",
          "integrity": "sha512-EXtzRZmC+YGmGlDFbXKxQiMZNwCLEO6BANKXG4iCtSIM0yqc/pappSx3RIKr4r0uh5JsBckOXeKrB3Iz7mdQpQ==",
          "bundled": true
        },
        "text-table": {
          "version": "0.2.0",
          "integrity": "sha512-N+8UisAXDGk8PFXP4HAzVR9nbfmVJ3zYLAWiTIoqC5v5isinhr+r5uaO8+7r3BMfuNIufIsA7RdpVgacC2cSpw==",
          "bundled": true
        },
        "tiny-relative-date": {
          "version": "1.3.0",
          "integrity": "sha512-MOQHpzllWxDCHHaDno30hhLfbouoYlOI8YlMNtvKe1zXbjEVhbcEovQxvZrPvtiYW630GQDoMMarCnjfyfHA+A==",
          "bundled": true
        }
      }
    },
    "require_optional": {
      "version": "1.0.1",
      "resolved": "https://registry.npmjs.org/require_optional/-/require_optional-1.0.1.tgz",
      "integrity": "sha1-TPNaQkf2TKPfjC7yCMxJSxyo/C4=",
      "requires": {
        "resolve-from": "^2.0.0",
        "semver": "^5.1.0"
      }
    },
    "resolve-from": {
      "version": "2.0.0",
      "resolved": "https://registry.npmjs.org/resolve-from/-/resolve-from-2.0.0.tgz",
      "integrity": "sha1-lICrIOlP+h2egKgEx+oUdhGWa1c="
    },
    "safe-buffer": {
      "version": "5.1.2",
      "resolved": "https://registry.npmjs.org/safe-buffer/-/safe-buffer-5.1.2.tgz",
      "integrity": "sha1-mR7GnSluAxN0fVm9/St0XDX4go0="
    },
    "saslprep": {
      "version": "1.0.2",
      "resolved": "https://registry.npmjs.org/saslprep/-/saslprep-1.0.2.tgz",
      "integrity": "sha1-2lq5NubqC7rpEf/sd1NL43DJ9S0=",
      "optional": true,
      "requires": {
        "sparse-bitfield": "^3.0.3"
      }
    },
    "semver": {
      "version": "5.6.0",
      "resolved": "https://registry.npmjs.org/semver/-/semver-5.6.0.tgz",
      "integrity": "sha1-fnQlb7qknHWqfHogXMInmcrIAAQ="
    },
    "sparse-bitfield": {
      "version": "3.0.3",
      "resolved": "https://registry.npmjs.org/sparse-bitfield/-/sparse-bitfield-3.0.3.tgz",
      "integrity": "sha1-/0rm5oZWBWuks+eSqzM004JzyhE=",
      "optional": true,
      "requires": {
        "memory-pager": "^1.0.2"
      }
    }
  }
}
